# This file is generated by running "yarn install" inside your project.
# Manual changes might be lost - proceed with caution!

__metadata:
  version: 8
  cacheKey: 10c0

"@babel/runtime@npm:^7.5.5, @babel/runtime@npm:^7.8.7":
  version: 7.25.6
  resolution: "@babel/runtime@npm:7.25.6"
  dependencies:
    regenerator-runtime: "npm:^0.14.0"
  checksum: 10c0/d6143adf5aa1ce79ed374e33fdfd74fa975055a80bc6e479672ab1eadc4e4bfd7484444e17dd063a1d180e051f3ec62b357c7a2b817e7657687b47313158c3d2
  languageName: node
  linkType: hard

"@kurkle/color@npm:^0.3.0":
  version: 0.3.2
  resolution: "@kurkle/color@npm:0.3.2"
  checksum: 10c0/a9e8e3e35dcd59dec4dd4f0105919c05e24823a96347bcf152965c29e48d6290b66d5fb96c071875db752e10930724c48ce6d338fefbd65e0ce5082d5c78970e
  languageName: node
  linkType: hard

"@next/env@npm:14.2.13":
  version: 14.2.13
  resolution: "@next/env@npm:14.2.13"
  checksum: 10c0/d7e4a5ad5ee9e2d7a819a208e3c187fae7e69446360bb25354ce9c4a82696adbc6545a11ee67e940b99e1c0a614a27cb308b882ae23b6c633f36e313a458423a
  languageName: node
  linkType: hard

"@next/swc-darwin-arm64@npm:14.2.13":
  version: 14.2.13
  resolution: "@next/swc-darwin-arm64@npm:14.2.13"
  conditions: os=darwin & cpu=arm64
  languageName: node
  linkType: hard

"@next/swc-darwin-x64@npm:14.2.13":
  version: 14.2.13
  resolution: "@next/swc-darwin-x64@npm:14.2.13"
  conditions: os=darwin & cpu=x64
  languageName: node
  linkType: hard

"@next/swc-linux-arm64-gnu@npm:14.2.13":
  version: 14.2.13
  resolution: "@next/swc-linux-arm64-gnu@npm:14.2.13"
  conditions: os=linux & cpu=arm64 & libc=glibc
  languageName: node
  linkType: hard

"@next/swc-linux-arm64-musl@npm:14.2.13":
  version: 14.2.13
  resolution: "@next/swc-linux-arm64-musl@npm:14.2.13"
  conditions: os=linux & cpu=arm64 & libc=musl
  languageName: node
  linkType: hard

"@next/swc-linux-x64-gnu@npm:14.2.13":
  version: 14.2.13
  resolution: "@next/swc-linux-x64-gnu@npm:14.2.13"
  conditions: os=linux & cpu=x64 & libc=glibc
  languageName: node
  linkType: hard

"@next/swc-linux-x64-musl@npm:14.2.13":
  version: 14.2.13
  resolution: "@next/swc-linux-x64-musl@npm:14.2.13"
  conditions: os=linux & cpu=x64 & libc=musl
  languageName: node
  linkType: hard

"@next/swc-win32-arm64-msvc@npm:14.2.13":
  version: 14.2.13
  resolution: "@next/swc-win32-arm64-msvc@npm:14.2.13"
  conditions: os=win32 & cpu=arm64
  languageName: node
  linkType: hard

"@next/swc-win32-ia32-msvc@npm:14.2.13":
  version: 14.2.13
  resolution: "@next/swc-win32-ia32-msvc@npm:14.2.13"
  conditions: os=win32 & cpu=ia32
  languageName: node
  linkType: hard

"@next/swc-win32-x64-msvc@npm:14.2.13":
  version: 14.2.13
  resolution: "@next/swc-win32-x64-msvc@npm:14.2.13"
  conditions: os=win32 & cpu=x64
  languageName: node
  linkType: hard

"@swc/counter@npm:^0.1.3":
  version: 0.1.3
  resolution: "@swc/counter@npm:0.1.3"
  checksum: 10c0/8424f60f6bf8694cfd2a9bca45845bce29f26105cda8cf19cdb9fd3e78dc6338699e4db77a89ae449260bafa1cc6bec307e81e7fb96dbf7dcfce0eea55151356
  languageName: node
  linkType: hard

"@swc/helpers@npm:0.5.5":
  version: 0.5.5
  resolution: "@swc/helpers@npm:0.5.5"
  dependencies:
    "@swc/counter": "npm:^0.1.3"
    tslib: "npm:^2.4.0"
  checksum: 10c0/21a9b9cfe7e00865f9c9f3eb4c1cc5b397143464f7abee76a2c5366e591e06b0155b5aac93fe8269ef8d548df253f6fd931e9ddfc0fd12efd405f90f45506e7d
  languageName: node
  linkType: hard

"@types/d3-array@npm:^3.0.3":
  version: 3.2.1
  resolution: "@types/d3-array@npm:3.2.1"
  checksum: 10c0/38bf2c778451f4b79ec81a2288cb4312fe3d6449ecdf562970cc339b60f280f31c93a024c7ff512607795e79d3beb0cbda123bb07010167bce32927f71364bca
  languageName: node
  linkType: hard

"@types/d3-color@npm:*":
  version: 3.1.3
  resolution: "@types/d3-color@npm:3.1.3"
  checksum: 10c0/65eb0487de606eb5ad81735a9a5b3142d30bc5ea801ed9b14b77cb14c9b909f718c059f13af341264ee189acf171508053342142bdf99338667cea26a2d8d6ae
  languageName: node
  linkType: hard

"@types/d3-ease@npm:^3.0.0":
  version: 3.0.2
  resolution: "@types/d3-ease@npm:3.0.2"
  checksum: 10c0/aff5a1e572a937ee9bff6465225d7ba27d5e0c976bd9eacdac2e6f10700a7cb0c9ea2597aff6b43a6ed850a3210030870238894a77ec73e309b4a9d0333f099c
  languageName: node
  linkType: hard

"@types/d3-interpolate@npm:^3.0.1":
  version: 3.0.4
  resolution: "@types/d3-interpolate@npm:3.0.4"
  dependencies:
    "@types/d3-color": "npm:*"
  checksum: 10c0/066ebb8da570b518dd332df6b12ae3b1eaa0a7f4f0c702e3c57f812cf529cc3500ec2aac8dc094f31897790346c6b1ebd8cd7a077176727f4860c2b181a65ca4
  languageName: node
  linkType: hard

"@types/d3-path@npm:*":
  version: 3.1.0
  resolution: "@types/d3-path@npm:3.1.0"
  checksum: 10c0/85e8b3aa968a60a5b33198ade06ae7ffedcf9a22d86f24859ff58e014b053ccb7141ec163b78d547bc8215bb12bb54171c666057ab6156912814005b686afb31
  languageName: node
  linkType: hard

"@types/d3-scale@npm:^4.0.2":
  version: 4.0.8
  resolution: "@types/d3-scale@npm:4.0.8"
  dependencies:
    "@types/d3-time": "npm:*"
  checksum: 10c0/57de90e4016f640b83cb960b7e3a0ab3ed02e720898840ddc5105264ffcfea73336161442fdc91895377c2d2f91904d637282f16852b8535b77e15a761c8e99e
  languageName: node
  linkType: hard

"@types/d3-shape@npm:^3.1.0":
  version: 3.1.6
  resolution: "@types/d3-shape@npm:3.1.6"
  dependencies:
    "@types/d3-path": "npm:*"
  checksum: 10c0/0625715925d3c7ed3d44ce998b42c993f063c31605b6e4a8046c4be0fe724e2d214fc83e86d04f429a30a6e1f439053e92b0d9e59e1180c3a5327b4a6e79fa0a
  languageName: node
  linkType: hard

"@types/d3-time@npm:*, @types/d3-time@npm:^3.0.0":
  version: 3.0.3
  resolution: "@types/d3-time@npm:3.0.3"
  checksum: 10c0/245a8aadca504df27edf730de502e47a68f16ae795c86b5ca35e7afa91c133aa9ef4d08778f8cf1ed2be732f89a4105ba4b437ce2afbdfd17d3d937b6ba5f568
  languageName: node
  linkType: hard

"@types/d3-timer@npm:^3.0.0":
  version: 3.0.2
  resolution: "@types/d3-timer@npm:3.0.2"
  checksum: 10c0/c644dd9571fcc62b1aa12c03bcad40571553020feeb5811f1d8a937ac1e65b8a04b759b4873aef610e28b8714ac71c9885a4d6c127a048d95118f7e5b506d9e1
  languageName: node
  linkType: hard

"apc@workspace:.":
  version: 0.0.0-use.local
  resolution: "apc@workspace:."
  dependencies:
    chart.js: "npm:^4.4.4"
    next: "npm:14.2.13"
    react: "npm:^18"
    react-dom: "npm:^18"
    recharts: "npm:^2.12.7"
    sass: "npm:^1.79.3"
  languageName: unknown
  linkType: soft

"busboy@npm:1.6.0":
  version: 1.6.0
  resolution: "busboy@npm:1.6.0"
  dependencies:
    streamsearch: "npm:^1.1.0"
  checksum: 10c0/fa7e836a2b82699b6e074393428b91ae579d4f9e21f5ac468e1b459a244341d722d2d22d10920cdd849743dbece6dca11d72de939fb75a7448825cf2babfba1f
  languageName: node
  linkType: hard

"caniuse-lite@npm:^1.0.30001579":
  version: 1.0.30001663
  resolution: "caniuse-lite@npm:1.0.30001663"
  checksum: 10c0/6508e27bf7fdec657f26f318b1ab64ace6e1208ef9fedaf0975bc89046e0c683bfba837f108840ada1686ff09b8ffd01e05ac791dcf598b8f16eefb636875cf2
  languageName: node
  linkType: hard

"chart.js@npm:^4.4.4":
  version: 4.4.4
  resolution: "chart.js@npm:4.4.4"
  dependencies:
    "@kurkle/color": "npm:^0.3.0"
  checksum: 10c0/9fa3206403a6103916f7762c2665d322c42b0cc07fba91526b1d033ddb887c1ba74b3ebc0bd0748a9e55abd1017f25fdb2292cdd6579d8c2d3bcb1c58f71281c
  languageName: node
  linkType: hard

"chokidar@npm:^4.0.0":
  version: 4.0.1
  resolution: "chokidar@npm:4.0.1"
  dependencies:
    readdirp: "npm:^4.0.1"
  checksum: 10c0/4bb7a3adc304059810bb6c420c43261a15bb44f610d77c35547addc84faa0374265c3adc67f25d06f363d9a4571962b02679268c40de07676d260de1986efea9
  languageName: node
  linkType: hard

"client-only@npm:0.0.1":
  version: 0.0.1
  resolution: "client-only@npm:0.0.1"
  checksum: 10c0/9d6cfd0c19e1c96a434605added99dff48482152af791ec4172fb912a71cff9027ff174efd8cdb2160cc7f377543e0537ffc462d4f279bc4701de3f2a3c4b358
  languageName: node
  linkType: hard

"clsx@npm:^2.0.0":
  version: 2.1.1
  resolution: "clsx@npm:2.1.1"
  checksum: 10c0/c4c8eb865f8c82baab07e71bfa8897c73454881c4f99d6bc81585aecd7c441746c1399d08363dc096c550cceaf97bd4ce1e8854e1771e9998d9f94c4fe075839
  languageName: node
  linkType: hard

"csstype@npm:^3.0.2":
  version: 3.1.3
  resolution: "csstype@npm:3.1.3"
  checksum: 10c0/80c089d6f7e0c5b2bd83cf0539ab41474198579584fa10d86d0cafe0642202343cbc119e076a0b1aece191989477081415d66c9fefbf3c957fc2fc4b7009f248
  languageName: node
  linkType: hard

"d3-array@npm:2 - 3, d3-array@npm:2.10.0 - 3, d3-array@npm:^3.1.6":
  version: 3.2.4
  resolution: "d3-array@npm:3.2.4"
  dependencies:
    internmap: "npm:1 - 2"
  checksum: 10c0/08b95e91130f98c1375db0e0af718f4371ccacef7d5d257727fe74f79a24383e79aba280b9ffae655483ffbbad4fd1dec4ade0119d88c4749f388641c8bf8c50
  languageName: node
  linkType: hard

"d3-color@npm:1 - 3":
  version: 3.1.0
  resolution: "d3-color@npm:3.1.0"
  checksum: 10c0/a4e20e1115fa696fce041fbe13fbc80dc4c19150fa72027a7c128ade980bc0eeeba4bcf28c9e21f0bce0e0dbfe7ca5869ef67746541dcfda053e4802ad19783c
  languageName: node
  linkType: hard

"d3-ease@npm:^3.0.1":
  version: 3.0.1
  resolution: "d3-ease@npm:3.0.1"
  checksum: 10c0/fec8ef826c0cc35cda3092c6841e07672868b1839fcaf556e19266a3a37e6bc7977d8298c0fcb9885e7799bfdcef7db1baaba9cd4dcf4bc5e952cf78574a88b0
  languageName: node
  linkType: hard

"d3-format@npm:1 - 3":
  version: 3.1.0
  resolution: "d3-format@npm:3.1.0"
  checksum: 10c0/049f5c0871ebce9859fc5e2f07f336b3c5bfff52a2540e0bac7e703fce567cd9346f4ad1079dd18d6f1e0eaa0599941c1810898926f10ac21a31fd0a34b4aa75
  languageName: node
  linkType: hard

"d3-interpolate@npm:1.2.0 - 3, d3-interpolate@npm:^3.0.1":
  version: 3.0.1
  resolution: "d3-interpolate@npm:3.0.1"
  dependencies:
    d3-color: "npm:1 - 3"
  checksum: 10c0/19f4b4daa8d733906671afff7767c19488f51a43d251f8b7f484d5d3cfc36c663f0a66c38fe91eee30f40327443d799be17169f55a293a3ba949e84e57a33e6a
  languageName: node
  linkType: hard

"d3-path@npm:^3.1.0":
  version: 3.1.0
  resolution: "d3-path@npm:3.1.0"
  checksum: 10c0/dc1d58ec87fa8319bd240cf7689995111a124b141428354e9637aa83059eb12e681f77187e0ada5dedfce346f7e3d1f903467ceb41b379bfd01cd8e31721f5da
  languageName: node
  linkType: hard

"d3-scale@npm:^4.0.2":
  version: 4.0.2
  resolution: "d3-scale@npm:4.0.2"
  dependencies:
    d3-array: "npm:2.10.0 - 3"
    d3-format: "npm:1 - 3"
    d3-interpolate: "npm:1.2.0 - 3"
    d3-time: "npm:2.1.1 - 3"
    d3-time-format: "npm:2 - 4"
  checksum: 10c0/65d9ad8c2641aec30ed5673a7410feb187a224d6ca8d1a520d68a7d6eac9d04caedbff4713d1e8545be33eb7fec5739983a7ab1d22d4e5ad35368c6729d362f1
  languageName: node
  linkType: hard

"d3-shape@npm:^3.1.0":
  version: 3.2.0
  resolution: "d3-shape@npm:3.2.0"
  dependencies:
    d3-path: "npm:^3.1.0"
  checksum: 10c0/f1c9d1f09926daaf6f6193ae3b4c4b5521e81da7d8902d24b38694517c7f527ce3c9a77a9d3a5722ad1e3ff355860b014557b450023d66a944eabf8cfde37132
  languageName: node
  linkType: hard

"d3-time-format@npm:2 - 4":
  version: 4.1.0
  resolution: "d3-time-format@npm:4.1.0"
  dependencies:
    d3-time: "npm:1 - 3"
  checksum: 10c0/735e00fb25a7fd5d418fac350018713ae394eefddb0d745fab12bbff0517f9cdb5f807c7bbe87bb6eeb06249662f8ea84fec075f7d0cd68609735b2ceb29d206
  languageName: node
  linkType: hard

"d3-time@npm:1 - 3, d3-time@npm:2.1.1 - 3, d3-time@npm:^3.0.0":
  version: 3.1.0
  resolution: "d3-time@npm:3.1.0"
  dependencies:
    d3-array: "npm:2 - 3"
  checksum: 10c0/a984f77e1aaeaa182679b46fbf57eceb6ebdb5f67d7578d6f68ef933f8eeb63737c0949991618a8d29472dbf43736c7d7f17c452b2770f8c1271191cba724ca1
  languageName: node
  linkType: hard

"d3-timer@npm:^3.0.1":
  version: 3.0.1
  resolution: "d3-timer@npm:3.0.1"
  checksum: 10c0/d4c63cb4bb5461d7038aac561b097cd1c5673969b27cbdd0e87fa48d9300a538b9e6f39b4a7f0e3592ef4f963d858c8a9f0e92754db73116770856f2fc04561a
  languageName: node
  linkType: hard

"decimal.js-light@npm:^2.4.1":
  version: 2.5.1
  resolution: "decimal.js-light@npm:2.5.1"
  checksum: 10c0/4fd33f535aac9e5bd832796831b65d9ec7914ad129c7437b3ab991b0c2eaaa5a57e654e6174c4a17f1b3895ea366f0c1ab4955cdcdf7cfdcf3ad5a58b456c020
  languageName: node
  linkType: hard

"dom-helpers@npm:^5.0.1":
  version: 5.2.1
  resolution: "dom-helpers@npm:5.2.1"
  dependencies:
    "@babel/runtime": "npm:^7.8.7"
    csstype: "npm:^3.0.2"
  checksum: 10c0/f735074d66dd759b36b158fa26e9d00c9388ee0e8c9b16af941c38f014a37fc80782de83afefd621681b19ac0501034b4f1c4a3bff5caa1b8667f0212b5e124c
  languageName: node
  linkType: hard

"eventemitter3@npm:^4.0.1":
  version: 4.0.7
  resolution: "eventemitter3@npm:4.0.7"
  checksum: 10c0/5f6d97cbcbac47be798e6355e3a7639a84ee1f7d9b199a07017f1d2f1e2fe236004d14fa5dfaeba661f94ea57805385e326236a6debbc7145c8877fbc0297c6b
  languageName: node
  linkType: hard

"fast-equals@npm:^5.0.1":
  version: 5.0.1
  resolution: "fast-equals@npm:5.0.1"
  checksum: 10c0/d7077b8b681036c2840ed9860a3048e44fc268fad2b525b8f25b43458be0c8ad976152eb4b475de9617170423c5b802121ebb61ed6641c3ac035fadaf805c8c0
  languageName: node
  linkType: hard

"graceful-fs@npm:^4.2.11":
  version: 4.2.11
  resolution: "graceful-fs@npm:4.2.11"
  checksum: 10c0/386d011a553e02bc594ac2ca0bd6d9e4c22d7fa8cfbfc448a6d148c59ea881b092db9dbe3547ae4b88e55f1b01f7c4a2ecc53b310c042793e63aa44cf6c257f2
  languageName: node
  linkType: hard

"immutable@npm:^4.0.0":
  version: 4.3.7
  resolution: "immutable@npm:4.3.7"
  checksum: 10c0/9b099197081b22f6433003e34929da8ecddbbdc1474cdc8aa3b7669dee4adda349c06143de22def36016d1b6de5322b043eccd7a11db1dad2ca85dad4fff5435
  languageName: node
  linkType: hard

"internmap@npm:1 - 2":
  version: 2.0.3
  resolution: "internmap@npm:2.0.3"
  checksum: 10c0/8cedd57f07bbc22501516fbfc70447f0c6812871d471096fad9ea603516eacc2137b633633daf432c029712df0baefd793686388ddf5737e3ea15074b877f7ed
  languageName: node
  linkType: hard

"js-tokens@npm:^3.0.0 || ^4.0.0":
  version: 4.0.0
  resolution: "js-tokens@npm:4.0.0"
  checksum: 10c0/e248708d377aa058eacf2037b07ded847790e6de892bbad3dac0abba2e759cb9f121b00099a65195616badcb6eca8d14d975cb3e89eb1cfda644756402c8aeed
  languageName: node
  linkType: hard

"lodash@npm:^4.17.21":
  version: 4.17.21
  resolution: "lodash@npm:4.17.21"
  checksum: 10c0/d8cbea072bb08655bb4c989da418994b073a608dffa608b09ac04b43a791b12aeae7cd7ad919aa4c925f33b48490b5cfe6c1f71d827956071dae2e7bb3a6b74c
  languageName: node
  linkType: hard

"loose-envify@npm:^1.1.0, loose-envify@npm:^1.4.0":
  version: 1.4.0
  resolution: "loose-envify@npm:1.4.0"
  dependencies:
    js-tokens: "npm:^3.0.0 || ^4.0.0"
  bin:
    loose-envify: cli.js
  checksum: 10c0/655d110220983c1a4b9c0c679a2e8016d4b67f6e9c7b5435ff5979ecdb20d0813f4dec0a08674fcbdd4846a3f07edbb50a36811fd37930b94aaa0d9daceb017e
  languageName: node
  linkType: hard

"nanoid@npm:^3.3.6":
  version: 3.3.7
  resolution: "nanoid@npm:3.3.7"
  bin:
    nanoid: bin/nanoid.cjs
  checksum: 10c0/e3fb661aa083454f40500473bb69eedb85dc160e763150b9a2c567c7e9ff560ce028a9f833123b618a6ea742e311138b591910e795614a629029e86e180660f3
  languageName: node
  linkType: hard

"next@npm:14.2.13":
  version: 14.2.13
  resolution: "next@npm:14.2.13"
  dependencies:
    "@next/env": "npm:14.2.13"
    "@next/swc-darwin-arm64": "npm:14.2.13"
    "@next/swc-darwin-x64": "npm:14.2.13"
    "@next/swc-linux-arm64-gnu": "npm:14.2.13"
    "@next/swc-linux-arm64-musl": "npm:14.2.13"
    "@next/swc-linux-x64-gnu": "npm:14.2.13"
    "@next/swc-linux-x64-musl": "npm:14.2.13"
    "@next/swc-win32-arm64-msvc": "npm:14.2.13"
    "@next/swc-win32-ia32-msvc": "npm:14.2.13"
    "@next/swc-win32-x64-msvc": "npm:14.2.13"
    "@swc/helpers": "npm:0.5.5"
    busboy: "npm:1.6.0"
    caniuse-lite: "npm:^1.0.30001579"
    graceful-fs: "npm:^4.2.11"
    postcss: "npm:8.4.31"
    styled-jsx: "npm:5.1.1"
  peerDependencies:
    "@opentelemetry/api": ^1.1.0
    "@playwright/test": ^1.41.2
    react: ^18.2.0
    react-dom: ^18.2.0
    sass: ^1.3.0
  dependenciesMeta:
    "@next/swc-darwin-arm64":
      optional: true
    "@next/swc-darwin-x64":
      optional: true
    "@next/swc-linux-arm64-gnu":
      optional: true
    "@next/swc-linux-arm64-musl":
      optional: true
    "@next/swc-linux-x64-gnu":
      optional: true
    "@next/swc-linux-x64-musl":
      optional: true
    "@next/swc-win32-arm64-msvc":
      optional: true
    "@next/swc-win32-ia32-msvc":
      optional: true
    "@next/swc-win32-x64-msvc":
      optional: true
  peerDependenciesMeta:
    "@opentelemetry/api":
      optional: true
    "@playwright/test":
      optional: true
    sass:
      optional: true
  bin:
    next: dist/bin/next
  checksum: 10c0/ef3aa074e9c7e0de95a9815cbbe9eee98bd190ed2ede982a2c0e00a8b438ac76193a3a6d2acabbadfd66f1f463ca97e84390a352ab0822f865c5524b356fdb31
  languageName: node
  linkType: hard

"object-assign@npm:^4.1.1":
  version: 4.1.1
  resolution: "object-assign@npm:4.1.1"
  checksum: 10c0/1f4df9945120325d041ccf7b86f31e8bcc14e73d29171e37a7903050e96b81323784ec59f93f102ec635bcf6fa8034ba3ea0a8c7e69fa202b87ae3b6cec5a414
  languageName: node
  linkType: hard

"picocolors@npm:^1.0.0":
  version: 1.1.0
  resolution: "picocolors@npm:1.1.0"
  checksum: 10c0/86946f6032148801ef09c051c6fb13b5cf942eaf147e30ea79edb91dd32d700934edebe782a1078ff859fb2b816792e97ef4dab03d7f0b804f6b01a0df35e023
  languageName: node
  linkType: hard

"postcss@npm:8.4.31":
  version: 8.4.31
  resolution: "postcss@npm:8.4.31"
  dependencies:
    nanoid: "npm:^3.3.6"
    picocolors: "npm:^1.0.0"
    source-map-js: "npm:^1.0.2"
  checksum: 10c0/748b82e6e5fc34034dcf2ae88ea3d11fd09f69b6c50ecdd3b4a875cfc7cdca435c958b211e2cb52355422ab6fccb7d8f2f2923161d7a1b281029e4a913d59acf
  languageName: node
  linkType: hard

"prop-types@npm:^15.6.2, prop-types@npm:^15.8.1":
  version: 15.8.1
  resolution: "prop-types@npm:15.8.1"
  dependencies:
    loose-envify: "npm:^1.4.0"
    object-assign: "npm:^4.1.1"
    react-is: "npm:^16.13.1"
  checksum: 10c0/59ece7ca2fb9838031d73a48d4becb9a7cc1ed10e610517c7d8f19a1e02fa47f7c27d557d8a5702bec3cfeccddc853579832b43f449e54635803f277b1c78077
  languageName: node
  linkType: hard

"react-dom@npm:^18":
  version: 18.3.1
  resolution: "react-dom@npm:18.3.1"
  dependencies:
    loose-envify: "npm:^1.1.0"
    scheduler: "npm:^0.23.2"
  peerDependencies:
    react: ^18.3.1
  checksum: 10c0/a752496c1941f958f2e8ac56239172296fcddce1365ce45222d04a1947e0cc5547df3e8447f855a81d6d39f008d7c32eab43db3712077f09e3f67c4874973e85
  languageName: node
  linkType: hard

"react-is@npm:^16.10.2, react-is@npm:^16.13.1":
  version: 16.13.1
  resolution: "react-is@npm:16.13.1"
  checksum: 10c0/33977da7a5f1a287936a0c85639fec6ca74f4f15ef1e59a6bc20338fc73dc69555381e211f7a3529b8150a1f71e4225525b41b60b52965bda53ce7d47377ada1
  languageName: node
  linkType: hard

"react-smooth@npm:^4.0.0":
  version: 4.0.1
  resolution: "react-smooth@npm:4.0.1"
  dependencies:
    fast-equals: "npm:^5.0.1"
    prop-types: "npm:^15.8.1"
    react-transition-group: "npm:^4.4.5"
  peerDependencies:
    react: ^16.8.0 || ^17.0.0 || ^18.0.0
    react-dom: ^16.8.0 || ^17.0.0 || ^18.0.0
  checksum: 10c0/5c19a2c147798c3de1329d442b1a371139c01113cc108c38c201b63502c329f943ede505c44089d26a6563eaa72a67b845d538d956f34a389b37fd3961308834
  languageName: node
  linkType: hard

"react-transition-group@npm:^4.4.5":
  version: 4.4.5
  resolution: "react-transition-group@npm:4.4.5"
  dependencies:
    "@babel/runtime": "npm:^7.5.5"
    dom-helpers: "npm:^5.0.1"
    loose-envify: "npm:^1.4.0"
    prop-types: "npm:^15.6.2"
  peerDependencies:
    react: ">=16.6.0"
    react-dom: ">=16.6.0"
  checksum: 10c0/2ba754ba748faefa15f87c96dfa700d5525054a0141de8c75763aae6734af0740e77e11261a1e8f4ffc08fd9ab78510122e05c21c2d79066c38bb6861a886c82
  languageName: node
  linkType: hard

"react@npm:^18":
  version: 18.3.1
  resolution: "react@npm:18.3.1"
  dependencies:
    loose-envify: "npm:^1.1.0"
  checksum: 10c0/283e8c5efcf37802c9d1ce767f302dd569dd97a70d9bb8c7be79a789b9902451e0d16334b05d73299b20f048cbc3c7d288bbbde10b701fa194e2089c237dbea3
  languageName: node
  linkType: hard

"readdirp@npm:^4.0.1":
  version: 4.0.1
  resolution: "readdirp@npm:4.0.1"
  checksum: 10c0/e5a0b547015f68ecc918f115b62b75b2b840611480a9240cb3317090a0ddac01bb9b40315a8fa08acdf52a43eea17b808c89b645263cba3ab64dc557d7f801f1
  languageName: node
  linkType: hard

"recharts-scale@npm:^0.4.4":
  version: 0.4.5
  resolution: "recharts-scale@npm:0.4.5"
  dependencies:
    decimal.js-light: "npm:^2.4.1"
  checksum: 10c0/64ce1fc4ebe62001787bf4dc4cbb779452d33831619309c71c50277c58e8968ffe98941562d9d0d5ffdb02588ebd62f4fe6548fa826110fd458db9c3cc6dadc1
  languageName: node
  linkType: hard

"recharts@npm:^2.12.7":
  version: 2.12.7
  resolution: "recharts@npm:2.12.7"
  dependencies:
    clsx: "npm:^2.0.0"
    eventemitter3: "npm:^4.0.1"
    lodash: "npm:^4.17.21"
    react-is: "npm:^16.10.2"
    react-smooth: "npm:^4.0.0"
    recharts-scale: "npm:^0.4.4"
    tiny-invariant: "npm:^1.3.1"
    victory-vendor: "npm:^36.6.8"
  peerDependencies:
    react: ^16.0.0 || ^17.0.0 || ^18.0.0
    react-dom: ^16.0.0 || ^17.0.0 || ^18.0.0
  checksum: 10c0/2522d841a1f4e4c0a37046ddb61fa958ac37a66df63dcd4c6cb9113e3f7a71892d74e44494a55bc40faa0afd74d9cf58fec3d2ce53a8ddf997e75367bdd033fc
  languageName: node
  linkType: hard

"regenerator-runtime@npm:^0.14.0":
  version: 0.14.1
  resolution: "regenerator-runtime@npm:0.14.1"
  checksum: 10c0/1b16eb2c4bceb1665c89de70dcb64126a22bc8eb958feef3cd68fe11ac6d2a4899b5cd1b80b0774c7c03591dc57d16631a7f69d2daa2ec98100e2f29f7ec4cc4
  languageName: node
  linkType: hard

"sass@npm:^1.79.3":
  version: 1.79.3
  resolution: "sass@npm:1.79.3"
  dependencies:
    chokidar: "npm:^4.0.0"
    immutable: "npm:^4.0.0"
    source-map-js: "npm:>=0.6.2 <2.0.0"
  bin:
    sass: sass.js
  checksum: 10c0/ad171bbbb2d7a789cc47803a59dcf2d0ac92ede34b538bb3fd683b6391a9ac3dc3eabaac264fc9582c770c4e435b85840e011785b7adfc0ac002b51ba91179c9
  languageName: node
  linkType: hard

"scheduler@npm:^0.23.2":
  version: 0.23.2
  resolution: "scheduler@npm:0.23.2"
  dependencies:
    loose-envify: "npm:^1.1.0"
  checksum: 10c0/26383305e249651d4c58e6705d5f8425f153211aef95f15161c151f7b8de885f24751b377e4a0b3dd42cce09aad3f87a61dab7636859c0d89b7daf1a1e2a5c78
  languageName: node
  linkType: hard

"source-map-js@npm:>=0.6.2 <2.0.0, source-map-js@npm:^1.0.2":
  version: 1.2.1
  resolution: "source-map-js@npm:1.2.1"
  checksum: 10c0/7bda1fc4c197e3c6ff17de1b8b2c20e60af81b63a52cb32ec5a5d67a20a7d42651e2cb34ebe93833c5a2a084377e17455854fee3e21e7925c64a51b6a52b0faf
  languageName: node
  linkType: hard

"streamsearch@npm:^1.1.0":
  version: 1.1.0
  resolution: "streamsearch@npm:1.1.0"
  checksum: 10c0/fbd9aecc2621364384d157f7e59426f4bfd385e8b424b5aaa79c83a6f5a1c8fd2e4e3289e95de1eb3511cb96bb333d6281a9919fafce760e4edb35b2cd2facab
  languageName: node
  linkType: hard

"styled-jsx@npm:5.1.1":
  version: 5.1.1
  resolution: "styled-jsx@npm:5.1.1"
  dependencies:
    client-only: "npm:0.0.1"
  peerDependencies:
    react: ">= 16.8.0 || 17.x.x || ^18.0.0-0"
  peerDependenciesMeta:
    "@babel/core":
      optional: true
    babel-plugin-macros:
      optional: true
  checksum: 10c0/42655cdadfa5388f8a48bb282d6b450df7d7b8cf066ac37038bd0499d3c9f084815ebd9ff9dfa12a218fd4441338851db79603498d7557207009c1cf4d609835
  languageName: node
  linkType: hard

"tiny-invariant@npm:^1.3.1":
  version: 1.3.3
  resolution: "tiny-invariant@npm:1.3.3"
  checksum: 10c0/65af4a07324b591a059b35269cd696aba21bef2107f29b9f5894d83cc143159a204b299553435b03874ebb5b94d019afa8b8eff241c8a4cfee95872c2e1c1c4a
  languageName: node
  linkType: hard

"tslib@npm:^2.4.0":
  version: 2.7.0
  resolution: "tslib@npm:2.7.0"
  checksum: 10c0/469e1d5bf1af585742128827000711efa61010b699cb040ab1800bcd3ccdd37f63ec30642c9e07c4439c1db6e46345582614275daca3e0f4abae29b0083f04a6
  languageName: node
  linkType: hard

"victory-vendor@npm:^36.6.8":
  version: 36.9.2
  resolution: "victory-vendor@npm:36.9.2"
  dependencies:
    "@types/d3-array": "npm:^3.0.3"
    "@types/d3-ease": "npm:^3.0.0"
    "@types/d3-interpolate": "npm:^3.0.1"
    "@types/d3-scale": "npm:^4.0.2"
    "@types/d3-shape": "npm:^3.1.0"
    "@types/d3-time": "npm:^3.0.0"
    "@types/d3-timer": "npm:^3.0.0"
    d3-array: "npm:^3.1.6"
    d3-ease: "npm:^3.0.1"
    d3-interpolate: "npm:^3.0.1"
    d3-scale: "npm:^4.0.2"
    d3-shape: "npm:^3.1.0"
    d3-time: "npm:^3.0.0"
    d3-timer: "npm:^3.0.1"
  checksum: 10c0/bad36de3bf4d406834743c2e99a8281d786af324d7e84b7f7a2fc02c27a3779034fb0c3c4707d4c8e68683334d924a67100cfa13985235565e83b9877f8e2ffd
  languageName: node
  linkType: hard
